<?xml version="1.0" encoding="utf-8"?>
<Project ToolsVersion="4.0" xmlns="http://schemas.microsoft.com/developer/msbuild/2003">
  <ItemGroup>
    <Filter Include="Source Files">
      <UniqueIdentifier>{4FC737F1-C7A5-4376-A066-2A32D752A2FF}</UniqueIdentifier>
      <Extensions>cpp;c;cc;cxx;def;odl;idl;hpj;bat;asm;asmx</Extensions>
    </Filter>
    <Filter Include="Header Files">
      <UniqueIdentifier>{93995380-89BD-4b04-88EB-625FBE52EBFB}</UniqueIdentifier>
      <Extensions>h;hh;hpp;hxx;hm;inl;inc;xsd</Extensions>
    </Filter>
    <Filter Include="Resource Files">
      <UniqueIdentifier>{67DA6AB6-F800-4c08-8B7A-83BB121AAD01}</UniqueIdentifier>
      <Extensions>rc;ico;cur;bmp;dlg;rc2;rct;bin;rgs;gif;jpg;jpeg;jpe;resx;tiff;tif;png;wav</Extensions>
    </Filter>
  </ItemGroup>
  <ItemGroup>
    <ClCompile Include="Program.cpp">
      <Filter>Source Files</Filter>
    </ClCompile>
    <ClCompile Include="src\BusinessLogic\Builders\MonteCarloBuilder.cpp">
      <Filter>Source Files</Filter>
    </ClCompile>
    <ClCompile Include="src\BusinessLogic\Mediators\MonteCarloMediator.cpp">
      <Filter>Source Files</Filter>
    </ClCompile>
    <ClCompile Include="src\businesslogic\models\finitedifferencemethods\DerivativeFree.cpp">
      <Filter>Source Files</Filter>
    </ClCompile>
    <ClCompile Include="src\businesslogic\models\finitedifferencemethods\DiscreteMilstein.cpp">
      <Filter>Source Files</Filter>
    </ClCompile>
    <ClCompile Include="src\businesslogic\models\finitedifferencemethods\EulerFdm.cpp">
      <Filter>Source Files</Filter>
    </ClCompile>
    <ClCompile Include="src\businesslogic\models\finitedifferencemethods\ExactFdm.cpp">
      <Filter>Source Files</Filter>
    </ClCompile>
    <ClCompile Include="src\businesslogic\models\finitedifferencemethods\FittedMidpointPredictorCorrectorFdm.cpp">
      <Filter>Source Files</Filter>
    </ClCompile>
    <ClCompile Include="src\businesslogic\models\finitedifferencemethods\Heun.cpp">
      <Filter>Source Files</Filter>
    </ClCompile>
    <ClCompile Include="src\businesslogic\models\finitedifferencemethods\MidpointPredictorCorrectorFdm.cpp">
      <Filter>Source Files</Filter>
    </ClCompile>
    <ClCompile Include="src\businesslogic\models\finitedifferencemethods\MilsteinFdm.cpp">
      <Filter>Source Files</Filter>
    </ClCompile>
    <ClCompile Include="src\businesslogic\models\finitedifferencemethods\ModifiedPredictorCorrectorFdm.cpp">
      <Filter>Source Files</Filter>
    </ClCompile>
    <ClCompile Include="src\businesslogic\models\finitedifferencemethods\PredictorCorrectorFdm.cpp">
      <Filter>Source Files</Filter>
    </ClCompile>
    <ClCompile Include="src\businesslogic\models\randomnumbergenerators\BoxMuller.cpp">
      <Filter>Source Files</Filter>
    </ClCompile>
    <ClCompile Include="src\businesslogic\models\randomnumbergenerators\LinearCongEngine.cpp">
      <Filter>Source Files</Filter>
    </ClCompile>
    <ClCompile Include="src\businesslogic\models\randomnumbergenerators\MersenneTwister.cpp">
      <Filter>Source Files</Filter>
    </ClCompile>
    <ClCompile Include="src\businesslogic\models\stochasticdifferentialequations\CEV.cpp">
      <Filter>Source Files</Filter>
    </ClCompile>
    <ClCompile Include="src\businesslogic\models\stochasticdifferentialequations\GBM.cpp">
      <Filter>Source Files</Filter>
    </ClCompile>
    <ClCompile Include="src\businesslogic\pricers\AsianPricer.cpp">
      <Filter>Source Files</Filter>
    </ClCompile>
    <ClCompile Include="src\businesslogic\pricers\BarrierPricer.cpp">
      <Filter>Source Files</Filter>
    </ClCompile>
    <ClCompile Include="src\businesslogic\pricers\BrownianBridgePricer.cpp">
      <Filter>Source Files</Filter>
    </ClCompile>
    <ClCompile Include="src\businesslogic\pricers\EuropeanPricer.cpp">
      <Filter>Source Files</Filter>
    </ClCompile>
    <ClCompile Include="src\BusinessLogic\Factory\MediatorFactory.cpp">
      <Filter>Source Files</Filter>
    </ClCompile>
    <ClCompile Include="src\BusinessLogic\Models\Greeks\GreeksCalculator.cpp">
      <Filter>Source Files</Filter>
    </ClCompile>
    <ClCompile Include="src\BusinessLogic\Models\BlackScholes\BlackScholes.cpp">
      <Filter>Source Files</Filter>
    </ClCompile>
    <ClCompile Include="src\Core\Configuration\SimulationConfig.cpp">
      <Filter>Source Files</Filter>
    </ClCompile>
    <ClCompile Include="src\BusinessLogic\Factory\PricerFactory.cpp">
      <Filter>Source Files</Filter>
    </ClCompile>
    <ClCompile Include="src\BusinessLogic\Orchestrator\PricingOrchestrator.cpp">
      <Filter>Source Files</Filter>
    </ClCompile>
  </ItemGroup>
  <ItemGroup>
    <ClInclude Include="include\BusinessLogic\Builders\MonteCarloBuilder.hpp">
      <Filter>Header Files</Filter>
    </ClInclude>
    <ClInclude Include="include\BusinessLogic\Mediators\MonteCarloMediator.hpp">
      <Filter>Header Files</Filter>
    </ClInclude>
    <ClInclude Include="include\businesslogic\models\finitedifferencemethods\DerivativeFree.hpp">
      <Filter>Header Files</Filter>
    </ClInclude>
    <ClInclude Include="include\businesslogic\models\finitedifferencemethods\DiscreteMilstein.hpp">
      <Filter>Header Files</Filter>
    </ClInclude>
    <ClInclude Include="include\businesslogic\models\finitedifferencemethods\EulerFdm.hpp">
      <Filter>Header Files</Filter>
    </ClInclude>
    <ClInclude Include="include\businesslogic\models\finitedifferencemethods\ExactFdm.hpp">
      <Filter>Header Files</Filter>
    </ClInclude>
    <ClInclude Include="include\businesslogic\models\finitedifferencemethods\FDM.hpp">
      <Filter>Header Files</Filter>
    </ClInclude>
    <ClInclude Include="include\businesslogic\models\finitedifferencemethods\FdmBase.hpp">
      <Filter>Header Files</Filter>
    </ClInclude>
    <ClInclude Include="include\businesslogic\models\finitedifferencemethods\FittedMidpointPredictorCorrectorFdm.hpp">
      <Filter>Header Files</Filter>
    </ClInclude>
    <ClInclude Include="include\businesslogic\models\finitedifferencemethods\Heun.hpp">
      <Filter>Header Files</Filter>
    </ClInclude>
    <ClInclude Include="include\businesslogic\models\finitedifferencemethods\MidpointPredictorCorrectorFdm.hpp">
      <Filter>Header Files</Filter>
    </ClInclude>
    <ClInclude Include="include\businesslogic\models\finitedifferencemethods\MilsteinFdm.hpp">
      <Filter>Header Files</Filter>
    </ClInclude>
    <ClInclude Include="include\businesslogic\models\finitedifferencemethods\ModifiedPredictorCorrectorFdm.hpp">
      <Filter>Header Files</Filter>
    </ClInclude>
    <ClInclude Include="include\businesslogic\models\finitedifferencemethods\PredictorCorrectorFdm.hpp">
      <Filter>Header Files</Filter>
    </ClInclude>
    <ClInclude Include="include\businesslogic\models\randomnumbergenerators\BoxMuller.hpp">
      <Filter>Header Files</Filter>
    </ClInclude>
    <ClInclude Include="include\businesslogic\models\randomnumbergenerators\LinearCongEngine.hpp">
      <Filter>Header Files</Filter>
    </ClInclude>
    <ClInclude Include="include\businesslogic\models\randomnumbergenerators\MersenneTwister.hpp">
      <Filter>Header Files</Filter>
    </ClInclude>
    <ClInclude Include="include\businesslogic\models\randomnumbergenerators\Rng.hpp">
      <Filter>Header Files</Filter>
    </ClInclude>
    <ClInclude Include="include\businesslogic\models\stochasticdifferentialequations\CEV.hpp">
      <Filter>Header Files</Filter>
    </ClInclude>
    <ClInclude Include="include\businesslogic\models\stochasticdifferentialequations\GBM.hpp">
      <Filter>Header Files</Filter>
    </ClInclude>
    <ClInclude Include="include\businesslogic\models\stochasticdifferentialequations\Sde.hpp">
      <Filter>Header Files</Filter>
    </ClInclude>
    <ClInclude Include="include\businesslogic\pricers\AsianPricer.hpp">
      <Filter>Header Files</Filter>
    </ClInclude>
    <ClInclude Include="include\businesslogic\pricers\BarrierPricer.hpp">
      <Filter>Header Files</Filter>
    </ClInclude>
    <ClInclude Include="include\businesslogic\pricers\BrownianBridgePricer.hpp">
      <Filter>Header Files</Filter>
    </ClInclude>
    <ClInclude Include="include\businesslogic\pricers\EuropeanPricer.hpp">
      <Filter>Header Files</Filter>
    </ClInclude>
    <ClInclude Include="include\businesslogic\pricers\Pricer.hpp">
      <Filter>Header Files</Filter>
    </ClInclude>
    <ClInclude Include="include\core\domain\OptionData.hpp">
      <Filter>Header Files</Filter>
    </ClInclude>
    <ClInclude Include="include\BusinessLogic\Factory\MediatorFactory.hpp">
      <Filter>Header Files</Filter>
    </ClInclude>
    <ClInclude Include="include\BusinessLogic\Models\Greeks\GreeksCalculator.hpp">
      <Filter>Header Files</Filter>
    </ClInclude>
    <ClInclude Include="include\BusinessLogic\Mediators\Mediator.hpp">
      <Filter>Header Files</Filter>
    </ClInclude>
    <ClInclude Include="include\BusinessLogic\Models\BlackScholes\BlackScholes.hpp">
      <Filter>Header Files</Filter>
    </ClInclude>
    <ClInclude Include="include\Core\Configuration\SimulationConfig.hpp">
      <Filter>Header Files</Filter>
    </ClInclude>
    <ClInclude Include="include\BusinessLogic\Orchestrator\PricingOrchestrator.hpp">
      <Filter>Header Files</Filter>
    </ClInclude>
  </ItemGroup>
  <ItemGroup>
    <Text Include="Makefile.txt" />
  </ItemGroup>
  <ItemGroup>
    <None Include=".gitignore" />
  </ItemGroup>
</Project>