<?xml version="1.0" encoding="utf-8"?>
<Project ToolsVersion="4.0" xmlns="http://schemas.microsoft.com/developer/msbuild/2003">
  <ItemGroup>
    <Filter Include="Source Files">
      <UniqueIdentifier>{4FC737F1-C7A5-4376-A066-2A32D752A2FF}</UniqueIdentifier>
      <Extensions>cpp;c;cc;cxx;def;odl;idl;hpj;bat;asm;asmx</Extensions>
    </Filter>
    <Filter Include="Header Files">
      <UniqueIdentifier>{93995380-89BD-4b04-88EB-625FBE52EBFB}</UniqueIdentifier>
      <Extensions>h;hh;hpp;hxx;hm;inl;inc;xsd</Extensions>
    </Filter>
    <Filter Include="Resource Files">
      <UniqueIdentifier>{67DA6AB6-F800-4c08-8B7A-83BB121AAD01}</UniqueIdentifier>
      <Extensions>rc;ico;cur;bmp;dlg;rc2;rct;bin;rgs;gif;jpg;jpeg;jpe;resx;tiff;tif;png;wav;mfcribbon-ms</Extensions>
    </Filter>
  </ItemGroup>
  <ItemGroup>
    <ClInclude Include="OptionData.hpp">
      <Filter>Header Files</Filter>
    </ClInclude>
    <ClInclude Include="Pricer.hpp">
      <Filter>Header Files</Filter>
    </ClInclude>
    <ClInclude Include="Sde.hpp">
      <Filter>Header Files</Filter>
    </ClInclude>
    <ClInclude Include="GBM.hpp">
      <Filter>Header Files</Filter>
    </ClInclude>
    <ClInclude Include="FDM.hpp">
      <Filter>Header Files</Filter>
    </ClInclude>
    <ClInclude Include="FdmBase.hpp">
      <Filter>Header Files</Filter>
    </ClInclude>
    <ClInclude Include="EulerFdm.hpp">
      <Filter>Header Files</Filter>
    </ClInclude>
    <ClInclude Include="Rng.hpp">
      <Filter>Header Files</Filter>
    </ClInclude>
    <ClInclude Include="MersenneTwister.hpp">
      <Filter>Header Files</Filter>
    </ClInclude>
    <ClInclude Include="MCBuilder.hpp">
      <Filter>Header Files</Filter>
    </ClInclude>
    <ClInclude Include="MCMediator.hpp">
      <Filter>Header Files</Filter>
    </ClInclude>
    <ClInclude Include="EuropeanPricer.hpp">
      <Filter>Header Files</Filter>
    </ClInclude>
    <ClInclude Include="CEV.hpp">
      <Filter>Header Files</Filter>
    </ClInclude>
    <ClInclude Include="BoxMuller.hpp">
      <Filter>Header Files</Filter>
    </ClInclude>
    <ClInclude Include="ExactFdm.hpp">
      <Filter>Header Files</Filter>
    </ClInclude>
    <ClInclude Include="MilsteinFdm.hpp">
      <Filter>Header Files</Filter>
    </ClInclude>
    <ClInclude Include="DiscreteMilstein.hpp">
      <Filter>Header Files</Filter>
    </ClInclude>
    <ClInclude Include="PredictorCorrectorFdm.hpp">
      <Filter>Header Files</Filter>
    </ClInclude>
    <ClInclude Include="Heun.hpp">
      <Filter>Header Files</Filter>
    </ClInclude>
    <ClInclude Include="DerivativeFree.hpp">
      <Filter>Header Files</Filter>
    </ClInclude>
    <ClInclude Include="AsianPricer.hpp">
      <Filter>Header Files</Filter>
    </ClInclude>
    <ClInclude Include="LinearCongEngine.hpp">
      <Filter>Header Files</Filter>
    </ClInclude>
    <ClInclude Include="BarrierPricer.hpp">
      <Filter>Header Files</Filter>
    </ClInclude>
    <ClInclude Include="ModifiedPredictorCorrectorFdm.hpp">
      <Filter>Header Files</Filter>
    </ClInclude>
    <ClInclude Include="MidpointPredictorCorrectorFdm.hpp">
      <Filter>Header Files</Filter>
    </ClInclude>
    <ClInclude Include="FittedMidpointPredictorCorrectorFdm.hpp">
      <Filter>Header Files</Filter>
    </ClInclude>
  </ItemGroup>
  <ItemGroup>
    <ClCompile Include="TestMC.cpp">
      <Filter>Source Files</Filter>
    </ClCompile>
    <ClCompile Include="GBM.cpp">
      <Filter>Source Files</Filter>
    </ClCompile>
    <ClCompile Include="MersenneTwister.cpp">
      <Filter>Source Files</Filter>
    </ClCompile>
    <ClCompile Include="EulerFdm.cpp">
      <Filter>Source Files</Filter>
    </ClCompile>
    <ClCompile Include="MCBuilder.cpp">
      <Filter>Source Files</Filter>
    </ClCompile>
    <ClCompile Include="MCMediator.cpp">
      <Filter>Source Files</Filter>
    </ClCompile>
    <ClCompile Include="EuropeanPricer.cpp">
      <Filter>Source Files</Filter>
    </ClCompile>
    <ClCompile Include="CEV.cpp">
      <Filter>Source Files</Filter>
    </ClCompile>
    <ClCompile Include="BoxMuller.cpp">
      <Filter>Source Files</Filter>
    </ClCompile>
    <ClCompile Include="ExactFdm.cpp">
      <Filter>Source Files</Filter>
    </ClCompile>
    <ClCompile Include="MilsteinFdm.cpp">
      <Filter>Source Files</Filter>
    </ClCompile>
    <ClCompile Include="DiscreteMilstein.cpp">
      <Filter>Source Files</Filter>
    </ClCompile>
    <ClCompile Include="PredictorCorrectorFdm.cpp">
      <Filter>Source Files</Filter>
    </ClCompile>
    <ClCompile Include="Heun.cpp">
      <Filter>Source Files</Filter>
    </ClCompile>
    <ClCompile Include="DerivativeFree.cpp">
      <Filter>Source Files</Filter>
    </ClCompile>
    <ClCompile Include="AsianPricer.cpp">
      <Filter>Source Files</Filter>
    </ClCompile>
    <ClCompile Include="LinearCongEngine.cpp">
      <Filter>Source Files</Filter>
    </ClCompile>
    <ClCompile Include="BarrierPricer.cpp">
      <Filter>Source Files</Filter>
    </ClCompile>
    <ClCompile Include="ModifiedPredictorCorrectorFdm.cpp">
      <Filter>Source Files</Filter>
    </ClCompile>
    <ClCompile Include="MidpointPredictorCorrectorFdm.cpp">
      <Filter>Source Files</Filter>
    </ClCompile>
    <ClCompile Include="FittedMidpointPredictorCorrectorFdm.cpp">
      <Filter>Source Files</Filter>
    </ClCompile>
  </ItemGroup>
</Project>